Microsoft Visual Studio Solution File, Format Version 12.00
# Visual Studio 15
VisualStudioVersion = 15.0.26730.0
MinimumVisualStudioVersion = 15.0.26124.0
Project("{2150E333-8FDC-42A3-9474-1A3956D46DE8}") = ".paket", ".paket", "{37B72F7C-C18F-4480-9328-388D81A318F9}"
	ProjectSection(SolutionItems) = preProject
		paket.dependencies = paket.dependencies
	EndProjectSection
EndProject
Project("{2150E333-8FDC-42A3-9474-1A3956D46DE8}") = "src", "src", "{CF282ADB-7490-4191-B7C1-11F349E1863E}"
EndProject
Project("{F2A71F9B-5D33-465A-A702-920D77279786}") = "FSharp.EdIlyin.Http", "src\FSharp.EdIlyin.Http\FSharp.EdIlyin.Http.fsproj", "{8153A71A-A6C0-4BA0-BE23-5547BC39C006}"
EndProject
Global
	GlobalSection(SolutionConfigurationPlatforms) = preSolution
		Debug|Any CPU = Debug|Any CPU
		Release|Any CPU = Release|Any CPU
	EndGlobalSection
	GlobalSection(ProjectConfigurationPlatforms) = postSolution
		{8153A71A-A6C0-4BA0-BE23-5547BC39C006}.Debug|Any CPU.ActiveCfg = Debug|Any CPU
		{8153A71A-A6C0-4BA0-BE23-5547BC39C006}.Debug|Any CPU.Build.0 = Debug|Any CPU
		{8153A71A-A6C0-4BA0-BE23-5547BC39C006}.Release|Any CPU.ActiveCfg = Release|Any CPU
		{8153A71A-A6C0-4BA0-BE23-5547BC39C006}.Release|Any CPU.Build.0 = Release|Any CPU
	EndGlobalSection
	GlobalSection(SolutionProperties) = preSolution
		HideSolutionNode = FALSE
	EndGlobalSection
	GlobalSection(NestedProjects) = preSolution
		{8153A71A-A6C0-4BA0-BE23-5547BC39C006} = {CF282ADB-7490-4191-B7C1-11F349E1863E}
	EndGlobalSection
	GlobalSection(ExtensibilityGlobals) = postSolution
		SolutionGuid = {6A28440E-6E3B-4AF2-9FD5-060148C5701E}
	EndGlobalSection
EndGlobal
